Microsoft Visual Studio Solution File, Format Version 12.00
# Visual Studio 2012
Project("{FAE04EC0-301F-11D3-BF4B-00C04F79EFBC}") = "Dungeon Bros", "Dungeon Bros.csproj", "{49A06FA4-8EDE-4E1E-93E3-DC85D22FA157}"
EndProject
Global
	GlobalSection(SolutionConfigurationPlatforms) = preSolution
	Debug|Any CPU = Debug|Any CPU
	ExportDebug|Any CPU = ExportDebug|Any CPU
	ExportRelease|Any CPU = ExportRelease|Any CPU
	EndGlobalSection
	GlobalSection(ProjectConfigurationPlatforms) = postSolution
		{49A06FA4-8EDE-4E1E-93E3-DC85D22FA157}.Debug|Any CPU.ActiveCfg = Debug|Any CPU
		{49A06FA4-8EDE-4E1E-93E3-DC85D22FA157}.Debug|Any CPU.Build.0 = Debug|Any CPU
		{49A06FA4-8EDE-4E1E-93E3-DC85D22FA157}.ExportDebug|Any CPU.ActiveCfg = ExportDebug|Any CPU
		{49A06FA4-8EDE-4E1E-93E3-DC85D22FA157}.ExportDebug|Any CPU.Build.0 = ExportDebug|Any CPU
		{49A06FA4-8EDE-4E1E-93E3-DC85D22FA157}.ExportRelease|Any CPU.ActiveCfg = ExportRelease|Any CPU
		{49A06FA4-8EDE-4E1E-93E3-DC85D22FA157}.ExportRelease|Any CPU.Build.0 = ExportRelease|Any CPU
	EndGlobalSection
EndGlobal
